// !$*UTF8*$!
{
	archiveVersion = 1;
	classes = {
	};
	objectVersion = 50;
	objects = {

/* Begin PBXBuildFile section */
		46E6C9332190D11D00EE3CE1 /* AppDelegate.swift in Sources */ = {isa = PBXBuildFile; fileRef = 46E6C9322190D11D00EE3CE1 /* AppDelegate.swift */; };
		46E6C9382190D11D00EE3CE1 /* Main.storyboard in Resources */ = {isa = PBXBuildFile; fileRef = 46E6C9362190D11D00EE3CE1 /* Main.storyboard */; };
		46E6C93A2190D11E00EE3CE1 /* Assets.xcassets in Resources */ = {isa = PBXBuildFile; fileRef = 46E6C9392190D11E00EE3CE1 /* Assets.xcassets */; };
		46E6C93D2190D11E00EE3CE1 /* LaunchScreen.storyboard in Resources */ = {isa = PBXBuildFile; fileRef = 46E6C93B2190D11E00EE3CE1 /* LaunchScreen.storyboard */; };
		46E6C9462190D19500EE3CE1 /* AddGameViewController.swift in Sources */ = {isa = PBXBuildFile; fileRef = 46E6C9452190D19500EE3CE1 /* AddGameViewController.swift */; };
		46E6C9482190D1CD00EE3CE1 /* LibraryViewController.swift in Sources */ = {isa = PBXBuildFile; fileRef = 46E6C9472190D1CD00EE3CE1 /* LibraryViewController.swift */; };
		46E6C94A2190D20E00EE3CE1 /* game.swift in Sources */ = {isa = PBXBuildFile; fileRef = 46E6C9492190D20E00EE3CE1 /* game.swift */; };
		46E6C94C2190D23E00EE3CE1 /* Library.swift in Sources */ = {isa = PBXBuildFile; fileRef = 46E6C94B2190D23E00EE3CE1 /* Library.swift */; };
		46E6C94E2190D25E00EE3CE1 /* LibraryCell.swift in Sources */ = {isa = PBXBuildFile; fileRef = 46E6C94D2190D25E00EE3CE1 /* LibraryCell.swift */; };
		D1071FBF6F1932A71C36950F /* Pods_GameLibrary.framework in Frameworks */ = {isa = PBXBuildFile; fileRef = 98794311F229F965703E19DF /* Pods_GameLibrary.framework */; };
/* End PBXBuildFile section */

/* Begin PBXFileReference section */
		46E6C92F2190D11D00EE3CE1 /* GameLibrary.app */ = {isa = PBXFileReference; explicitFileType = wrapper.application; includeInIndex = 0; path = GameLibrary.app; sourceTree = BUILT_PRODUCTS_DIR; };
		46E6C9322190D11D00EE3CE1 /* AppDelegate.swift */ = {isa = PBXFileReference; lastKnownFileType = sourcecode.swift; path = AppDelegate.swift; sourceTree = "<group>"; };
		46E6C9372190D11D00EE3CE1 /* Base */ = {isa = PBXFileReference; lastKnownFileType = file.storyboard; name = Base; path = Base.lproj/Main.storyboard; sourceTree = "<group>"; };
		46E6C9392190D11E00EE3CE1 /* Assets.xcassets */ = {isa = PBXFileReference; lastKnownFileType = folder.assetcatalog; path = Assets.xcassets; sourceTree = "<group>"; };
		46E6C93C2190D11E00EE3CE1 /* Base */ = {isa = PBXFileReference; lastKnownFileType = file.storyboard; name = Base; path = Base.lproj/LaunchScreen.storyboard; sourceTree = "<group>"; };
		46E6C93E2190D11E00EE3CE1 /* Info.plist */ = {isa = PBXFileReference; lastKnownFileType = text.plist.xml; path = Info.plist; sourceTree = "<group>"; };
		46E6C9452190D19500EE3CE1 /* AddGameViewController.swift */ = {isa = PBXFileReference; lastKnownFileType = sourcecode.swift; path = AddGameViewController.swift; sourceTree = "<group>"; };
		46E6C9472190D1CD00EE3CE1 /* LibraryViewController.swift */ = {isa = PBXFileReference; lastKnownFileType = sourcecode.swift; path = LibraryViewController.swift; sourceTree = "<group>"; };
		46E6C9492190D20E00EE3CE1 /* game.swift */ = {isa = PBXFileReference; lastKnownFileType = sourcecode.swift; path = game.swift; sourceTree = "<group>"; };
		46E6C94B2190D23E00EE3CE1 /* Library.swift */ = {isa = PBXFileReference; lastKnownFileType = sourcecode.swift; path = Library.swift; sourceTree = "<group>"; };
		46E6C94D2190D25E00EE3CE1 /* LibraryCell.swift */ = {isa = PBXFileReference; lastKnownFileType = sourcecode.swift; path = LibraryCell.swift; sourceTree = "<group>"; };
		9722E7E4227B731B01E75810 /* Pods-GameLibrary.release.xcconfig */ = {isa = PBXFileReference; includeInIndex = 1; lastKnownFileType = text.xcconfig; name = "Pods-GameLibrary.release.xcconfig"; path = "Pods/Target Support Files/Pods-GameLibrary/Pods-GameLibrary.release.xcconfig"; sourceTree = "<group>"; };
		98794311F229F965703E19DF /* Pods_GameLibrary.framework */ = {isa = PBXFileReference; explicitFileType = wrapper.framework; includeInIndex = 0; path = Pods_GameLibrary.framework; sourceTree = BUILT_PRODUCTS_DIR; };
		EE3DA221EAFD00B88938E76A /* Pods-GameLibrary.debug.xcconfig */ = {isa = PBXFileReference; includeInIndex = 1; lastKnownFileType = text.xcconfig; name = "Pods-GameLibrary.debug.xcconfig"; path = "Pods/Target Support Files/Pods-GameLibrary/Pods-GameLibrary.debug.xcconfig"; sourceTree = "<group>"; };
/* End PBXFileReference section */

/* Begin PBXFrameworksBuildPhase section */
		46E6C92C2190D11D00EE3CE1 /* Frameworks */ = {
			isa = PBXFrameworksBuildPhase;
			buildActionMask = 2147483647;
			files = (
				D1071FBF6F1932A71C36950F /* Pods_GameLibrary.framework in Frameworks */,
			);
			runOnlyForDeploymentPostprocessing = 0;
		};
/* End PBXFrameworksBuildPhase section */

/* Begin PBXGroup section */
		46E6C9262190D11D00EE3CE1 = {
			isa = PBXGroup;
			children = (
				46E6C9312190D11D00EE3CE1 /* GameLibrary */,
				46E6C9302190D11D00EE3CE1 /* Products */,
				5D4E51E17D577D7B08879FDB /* Pods */,
				5CA3F9A471A876048CFFF160 /* Frameworks */,
			);
			sourceTree = "<group>";
		};
		46E6C9302190D11D00EE3CE1 /* Products */ = {
			isa = PBXGroup;
			children = (
				46E6C92F2190D11D00EE3CE1 /* GameLibrary.app */,
			);
			name = Products;
			sourceTree = "<group>";
		};
		46E6C9312190D11D00EE3CE1 /* GameLibrary */ = {
			isa = PBXGroup;
			children = (
				46E6C94B2190D23E00EE3CE1 /* Library.swift */,
				46E6C9322190D11D00EE3CE1 /* AppDelegate.swift */,
				46E6C9362190D11D00EE3CE1 /* Main.storyboard */,
				46E6C9492190D20E00EE3CE1 /* game.swift */,
				46E6C9392190D11E00EE3CE1 /* Assets.xcassets */,
				46E6C9472190D1CD00EE3CE1 /* LibraryViewController.swift */,
				46E6C94D2190D25E00EE3CE1 /* LibraryCell.swift */,
				46E6C93B2190D11E00EE3CE1 /* LaunchScreen.storyboard */,
				46E6C9452190D19500EE3CE1 /* AddGameViewController.swift */,
				46E6C93E2190D11E00EE3CE1 /* Info.plist */,
			);
			path = GameLibrary;
			sourceTree = "<group>";
		};
		5CA3F9A471A876048CFFF160 /* Frameworks */ = {
			isa = PBXGroup;
			children = (
				98794311F229F965703E19DF /* Pods_GameLibrary.framework */,
			);
			name = Frameworks;
			sourceTree = "<group>";
		};
		5D4E51E17D577D7B08879FDB /* Pods */ = {
			isa = PBXGroup;
			children = (
				EE3DA221EAFD00B88938E76A /* Pods-GameLibrary.debug.xcconfig */,
				9722E7E4227B731B01E75810 /* Pods-GameLibrary.release.xcconfig */,
			);
			name = Pods;
			sourceTree = "<group>";
		};
/* End PBXGroup section */

/* Begin PBXNativeTarget section */
		46E6C92E2190D11D00EE3CE1 /* GameLibrary */ = {
			isa = PBXNativeTarget;
			buildConfigurationList = 46E6C9412190D11E00EE3CE1 /* Build configuration list for PBXNativeTarget "GameLibrary" */;
			buildPhases = (
				54CF5DD66EF7714582BF4A4E /* [CP] Check Pods Manifest.lock */,
				46E6C92B2190D11D00EE3CE1 /* Sources */,
				46E6C92C2190D11D00EE3CE1 /* Frameworks */,
				46E6C92D2190D11D00EE3CE1 /* Resources */,
				7CB74D486BE1E6216FF93739 /* [CP] Embed Pods Frameworks */,
			);
			buildRules = (
			);
			dependencies = (
			);
			name = GameLibrary;
			productName = GameLibrary;
			productReference = 46E6C92F2190D11D00EE3CE1 /* GameLibrary.app */;
			productType = "com.apple.product-type.application";
		};
/* End PBXNativeTarget section */

/* Begin PBXProject section */
		46E6C9272190D11D00EE3CE1 /* Project object */ = {
			isa = PBXProject;
			attributes = {
				LastSwiftUpdateCheck = 1000;
				LastUpgradeCheck = 1000;
				ORGANIZATIONNAME = "Kirk Brown";
				TargetAttributes = {
					46E6C92E2190D11D00EE3CE1 = {
						CreatedOnToolsVersion = 10.0;
					};
				};
			};
			buildConfigurationList = 46E6C92A2190D11D00EE3CE1 /* Build configuration list for PBXProject "GameLibrary" */;
			compatibilityVersion = "Xcode 9.3";
			developmentRegion = en;
			hasScannedForEncodings = 0;
			knownRegions = (
				en,
				Base,
			);
			mainGroup = 46E6C9262190D11D00EE3CE1;
			productRefGroup = 46E6C9302190D11D00EE3CE1 /* Products */;
			projectDirPath = "";
			projectRoot = "";
			targets = (
				46E6C92E2190D11D00EE3CE1 /* GameLibrary */,
			);
		};
/* End PBXProject section */

/* Begin PBXResourcesBuildPhase section */
		46E6C92D2190D11D00EE3CE1 /* Resources */ = {
			isa = PBXResourcesBuildPhase;
			buildActionMask = 2147483647;
			files = (
				46E6C93D2190D11E00EE3CE1 /* LaunchScreen.storyboard in Resources */,
				46E6C93A2190D11E00EE3CE1 /* Assets.xcassets in Resources */,
				46E6C9382190D11D00EE3CE1 /* Main.storyboard in Resources */,
			);
			runOnlyForDeploymentPostprocessing = 0;
		};
/* End PBXResourcesBuildPhase section */

/* Begin PBXShellScriptBuildPhase section */
		54CF5DD66EF7714582BF4A4E /* [CP] Check Pods Manifest.lock */ = {
			isa = PBXShellScriptBuildPhase;
			buildActionMask = 2147483647;
			files = (
			);
			inputPaths = (
				"${PODS_PODFILE_DIR_PATH}/Podfile.lock",
				"${PODS_ROOT}/Manifest.lock",
			);
			name = "[CP] Check Pods Manifest.lock";
			outputPaths = (
				"$(DERIVED_FILE_DIR)/Pods-GameLibrary-checkManifestLockResult.txt",
			);
			runOnlyForDeploymentPostprocessing = 0;
			shellPath = /bin/sh;
			shellScript = "diff \"${PODS_PODFILE_DIR_PATH}/Podfile.lock\" \"${PODS_ROOT}/Manifest.lock\" > /dev/null\nif [ $? != 0 ] ; then\n    # print error to STDERR\n    echo \"error: The sandbox is not in sync with the Podfile.lock. Run 'pod install' or update your CocoaPods installation.\" >&2\n    exit 1\nfi\n# This output is used by Xcode 'outputs' to avoid re-running this script phase.\necho \"SUCCESS\" > \"${SCRIPT_OUTPUT_FILE_0}\"\n";
			showEnvVarsInLog = 0;
		};
		7CB74D486BE1E6216FF93739 /* [CP] Embed Pods Frameworks */ = {
			isa = PBXShellScriptBuildPhase;
			buildActionMask = 2147483647;
			files = (
			);
			inputPaths = (
				"${SRCROOT}/Pods/Target Support Files/Pods-GameLibrary/Pods-GameLibrary-frameworks.sh",
				"${BUILT_PRODUCTS_DIR}/DZNEmptyDataSet/DZNEmptyDataSet.framework",
				"${BUILT_PRODUCTS_DIR}/Realm/Realm.framework",
				"${BUILT_PRODUCTS_DIR}/RealmSwift/RealmSwift.framework",
			);
			name = "[CP] Embed Pods Frameworks";
			outputPaths = (
				"${TARGET_BUILD_DIR}/${FRAMEWORKS_FOLDER_PATH}/DZNEmptyDataSet.framework",
				"${TARGET_BUILD_DIR}/${FRAMEWORKS_FOLDER_PATH}/Realm.framework",
				"${TARGET_BUILD_DIR}/${FRAMEWORKS_FOLDER_PATH}/RealmSwift.framework",
			);
			runOnlyForDeploymentPostprocessing = 0;
			shellPath = /bin/sh;
			shellScript = "\"${SRCROOT}/Pods/Target Support Files/Pods-GameLibrary/Pods-GameLibrary-frameworks.sh\"\n";
			showEnvVarsInLog = 0;
		};
/* End PBXShellScriptBuildPhase section */

/* Begin PBXSourcesBuildPhase section */
		46E6C92B2190D11D00EE3CE1 /* Sources */ = {
			isa = PBXSourcesBuildPhase;
			buildActionMask = 2147483647;
			files = (
				46E6C94E2190D25E00EE3CE1 /* LibraryCell.swift in Sources */,
				46E6C9332190D11D00EE3CE1 /* AppDelegate.swift in Sources */,
				46E6C94A2190D20E00EE3CE1 /* game.swift in Sources */,
				46E6C9482190D1CD00EE3CE1 /* LibraryViewController.swift in Sources */,
				46E6C9462190D19500EE3CE1 /* AddGameViewController.swift in Sources */,
				46E6C94C2190D23E00EE3CE1 /* Library.swift in Sources */,
			);
			runOnlyForDeploymentPostprocessing = 0;
		};
/* End PBXSourcesBuildPhase section */

/* Begin PBXVariantGroup section */
		46E6C9362190D11D00EE3CE1 /* Main.storyboard */ = {
			isa = PBXVariantGroup;
			children = (
				46E6C9372190D11D00EE3CE1 /* Base */,
			);
			name = Main.storyboard;
			sourceTree = "<group>";
		};
		46E6C93B2190D11E00EE3CE1 /* LaunchScreen.storyboard */ = {
			isa = PBXVariantGroup;
			children = (
				46E6C93C2190D11E00EE3CE1 /* Base */,
			);
			name = LaunchScreen.storyboard;
			sourceTree = "<group>";
		};
/* End PBXVariantGroup section */

/* Begin XCBuildConfiguration section */
		46E6C93F2190D11E00EE3CE1 /* Debug */ = {
			isa = XCBuildConfiguration;
			buildSettings = {
				ALWAYS_SEARCH_USER_PATHS = NO;
				CLANG_ANALYZER_NONNULL = YES;
				CLANG_ANALYZER_NUMBER_OBJECT_CONVERSION = YES_AGGRESSIVE;
				CLANG_CXX_LANGUAGE_STANDARD = "gnu++14";
				CLANG_CXX_LIBRARY = "libc++";
				CLANG_ENABLE_MODULES = YES;
				CLANG_ENABLE_OBJC_ARC = YES;
				CLANG_ENABLE_OBJC_WEAK = YES;
				CLANG_WARN_BLOCK_CAPTURE_AUTORELEASING = YES;
				CLANG_WARN_BOOL_CONVERSION = YES;
				CLANG_WARN_COMMA = YES;
				CLANG_WARN_CONSTANT_CONVERSION = YES;
				CLANG_WARN_DEPRECATED_OBJC_IMPLEMENTATIONS = YES;
				CLANG_WARN_DIRECT_OBJC_ISA_USAGE = YES_ERROR;
				CLANG_WARN_DOCUMENTATION_COMMENTS = YES;
				CLANG_WARN_EMPTY_BODY = YES;
				CLANG_WARN_ENUM_CONVERSION = YES;
				CLANG_WARN_INFINITE_RECURSION = YES;
				CLANG_WARN_INT_CONVERSION = YES;
				CLANG_WARN_NON_LITERAL_NULL_CONVERSION = YES;
				CLANG_WARN_OBJC_IMPLICIT_RETAIN_SELF = YES;
				CLANG_WARN_OBJC_LITERAL_CONVERSION = YES;
				CLANG_WARN_OBJC_ROOT_CLASS = YES_ERROR;
				CLANG_WARN_RANGE_LOOP_ANALYSIS = YES;
				CLANG_WARN_STRICT_PROTOTYPES = YES;
				CLANG_WARN_SUSPICIOUS_MOVE = YES;
				CLANG_WARN_UNGUARDED_AVAILABILITY = YES_AGGRESSIVE;
				CLANG_WARN_UNREACHABLE_CODE = YES;
				CLANG_WARN__DUPLICATE_METHOD_MATCH = YES;
				CODE_SIGN_IDENTITY = "iPhone Developer";
				COPY_PHASE_STRIP = NO;
				DEBUG_INFORMATION_FORMAT = dwarf;
				ENABLE_STRICT_OBJC_MSGSEND = YES;
				ENABLE_TESTABILITY = YES;
				GCC_C_LANGUAGE_STANDARD = gnu11;
				GCC_DYNAMIC_NO_PIC = NO;
				GCC_NO_COMMON_BLOCKS = YES;
				GCC_OPTIMIZATION_LEVEL = 0;
				GCC_PREPROCESSOR_DEFINITIONS = (
					"DEBUG=1",
					"$(inherited)",
				);
				GCC_WARN_64_TO_32_BIT_CONVERSION = YES;
				GCC_WARN_ABOUT_RETURN_TYPE = YES_ERROR;
				GCC_WARN_UNDECLARED_SELECTOR = YES;
				GCC_WARN_UNINITIALIZED_AUTOS = YES_AGGRESSIVE;
				GCC_WARN_UNUSED_FUNCTION = YES;
				GCC_WARN_UNUSED_VARIABLE = YES;
				IPHONEOS_DEPLOYMENT_TARGET = 12.0;
				MTL_ENABLE_DEBUG_INFO = INCLUDE_SOURCE;
				MTL_FAST_MATH = YES;
				ONLY_ACTIVE_ARCH = YES;
				SDKROOT = iphoneos;
				SWIFT_ACTIVE_COMPILATION_CONDITIONS = DEBUG;
				SWIFT_OPTIMIZATION_LEVEL = "-Onone";
			};
			name = Debug;
		};
		46E6C9402190D11E00EE3CE1 /* Release */ = {
			isa = XCBuildConfiguration;
			buildSettings = {
				ALWAYS_SEARCH_USER_PATHS = NO;
				CLANG_ANALYZER_NONNULL = YES;
				CLANG_ANALYZER_NUMBER_OBJECT_CONVERSION = YES_AGGRESSIVE;
				CLANG_CXX_LANGUAGE_STANDARD = "gnu++14";
				CLANG_CXX_LIBRARY = "libc++";
				CLANG_ENABLE_MODULES = YES;
				CLANG_ENABLE_OBJC_ARC = YES;
				CLANG_ENABLE_OBJC_WEAK = YES;
				CLANG_WARN_BLOCK_CAPTURE_AUTORELEASING = YES;
				CLANG_WARN_BOOL_CONVERSION = YES;
				CLANG_WARN_COMMA = YES;
				CLANG_WARN_CONSTANT_CONVERSION = YES;
				CLANG_WARN_DEPRECATED_OBJC_IMPLEMENTATIONS = YES;
				CLANG_WARN_DIRECT_OBJC_ISA_USAGE = YES_ERROR;
				CLANG_WARN_DOCUMENTATION_COMMENTS = YES;
				CLANG_WARN_EMPTY_BODY = YES;
				CLANG_WARN_ENUM_CONVERSION = YES;
				CLANG_WARN_INFINITE_RECURSION = YES;
				CLANG_WARN_INT_CONVERSION = YES;
				CLANG_WARN_NON_LITERAL_NULL_CONVERSION = YES;
				CLANG_WARN_OBJC_IMPLICIT_RETAIN_SELF = YES;
				CLANG_WARN_OBJC_LITERAL_CONVERSION = YES;
				CLANG_WARN_OBJC_ROOT_CLASS = YES_ERROR;
				CLANG_WARN_RANGE_LOOP_ANALYSIS = YES;
				CLANG_WARN_STRICT_PROTOTYPES = YES;
				CLANG_WARN_SUSPICIOUS_MOVE = YES;
				CLANG_WARN_UNGUARDED_AVAILABILITY = YES_AGGRESSIVE;
				CLANG_WARN_UNREACHABLE_CODE = YES;
				CLANG_WARN__DUPLICATE_METHOD_MATCH = YES;
				CODE_SIGN_IDENTITY = "iPhone Developer";
				COPY_PHASE_STRIP = NO;
				DEBUG_INFORMATION_FORMAT = "dwarf-with-dsym";
				ENABLE_NS_ASSERTIONS = NO;
				ENABLE_STRICT_OBJC_MSGSEND = YES;
				GCC_C_LANGUAGE_STANDARD = gnu11;
				GCC_NO_COMMON_BLOCKS = YES;
				GCC_WARN_64_TO_32_BIT_CONVERSION = YES;
				GCC_WARN_ABOUT_RETURN_TYPE = YES_ERROR;
				GCC_WARN_UNDECLARED_SELECTOR = YES;
				GCC_WARN_UNINITIALIZED_AUTOS = YES_AGGRESSIVE;
				GCC_WARN_UNUSED_FUNCTION = YES;
				GCC_WARN_UNUSED_VARIABLE = YES;
				IPHONEOS_DEPLOYMENT_TARGET = 12.0;
				MTL_ENABLE_DEBUG_INFO = NO;
				MTL_FAST_MATH = YES;
				SDKROOT = iphoneos;
				SWIFT_COMPILATION_MODE = wholemodule;
				SWIFT_OPTIMIZATION_LEVEL = "-O";
				VALIDATE_PRODUCT = YES;
			};
			name = Release;
		};
		46E6C9422190D11E00EE3CE1 /* Debug */ = {
			isa = XCBuildConfiguration;
			baseConfigurationReference = EE3DA221EAFD00B88938E76A /* Pods-GameLibrary.debug.xcconfig */;
			buildSettings = {
				ASSETCATALOG_COMPILER_APPICON_NAME = AppIcon;
				CODE_SIGN_STYLE = Automatic;
				INFOPLIST_FILE = GameLibrary/Info.plist;
				LD_RUNPATH_SEARCH_PATHS = (
					"$(inherited)",
					"@executable_path/Frameworks",
				);
				PRODUCT_BUNDLE_IDENTIFIER = com.kirkBrown.GameLibrary;
				PRODUCT_NAME = "$(TARGET_NAME)";
				SWIFT_VERSION = 4.2;
				TARGETED_DEVICE_FAMILY = "1,2";
			};
			name = Debug;
		};
		46E6C9432190D11E00EE3CE1 /* Release */ = {
			isa = XCBuildConfiguration;
			baseConfigurationReference = 9722E7E4227B731B01E75810 /* Pods-GameLibrary.release.xcconfig */;
			buildSettings = {
				ASSETCATALOG_COMPILER_APPICON_NAME = AppIcon;
				CODE_SIGN_STYLE = Automatic;
				INFOPLIST_FILE = GameLibrary/Info.plist;
				LD_RUNPATH_SEARCH_PATHS = (
					"$(inherited)",
					"@executable_path/Frameworks",
				);
				PRODUCT_BUNDLE_IDENTIFIER = com.kirkBrown.GameLibrary;
				PRODUCT_NAME = "$(TARGET_NAME)";
				SWIFT_VERSION = 4.2;
				TARGETED_DEVICE_FAMILY = "1,2";
			};
			name = Release;
		};
/* End XCBuildConfiguration section */

/* Begin XCConfigurationList section */
		46E6C92A2190D11D00EE3CE1 /* Build configuration list for PBXProject "GameLibrary" */ = {
			isa = XCConfigurationList;
			buildConfigurations = (
				46E6C93F2190D11E00EE3CE1 /* Debug */,
				46E6C9402190D11E00EE3CE1 /* Release */,
			);
			defaultConfigurationIsVisible = 0;
			defaultConfigurationName = Release;
		};
		46E6C9412190D11E00EE3CE1 /* Build configuration list for PBXNativeTarget "GameLibrary" */ = {
			isa = XCConfigurationList;
			buildConfigurations = (
				46E6C9422190D11E00EE3CE1 /* Debug */,
				46E6C9432190D11E00EE3CE1 /* Release */,
			);
			defaultConfigurationIsVisible = 0;
			defaultConfigurationName = Release;
		};
/* End XCConfigurationList section */
	};
	rootObject = 46E6C9272190D11D00EE3CE1 /* Project object */;
}
